
Microsoft Visual Studio Solution File, Format Version 11.00
# Visual Studio 2010
Project("{FAE04EC0-301F-11D3-BF4B-00C04F79EFBC}") = "RiiseV1", "Assembly-CSharp.csproj", "{5EE73445-86E9-3FE9-60DF-62E63A018788}"
EndProject
Global
	GlobalSection(SolutionConfigurationPlatforms) = preSolution
		Debug|Any CPU = Debug|Any CPU
		Release|Any CPU = Release|Any CPU
	EndGlobalSection
	GlobalSection(ProjectConfigurationPlatforms) = postSolution
		{5EE73445-86E9-3FE9-60DF-62E63A018788}.Debug|Any CPU.ActiveCfg = Debug|Any CPU
		{5EE73445-86E9-3FE9-60DF-62E63A018788}.Debug|Any CPU.Build.0 = Debug|Any CPU
		{5EE73445-86E9-3FE9-60DF-62E63A018788}.Release|Any CPU.ActiveCfg = Release|Any CPU
		{5EE73445-86E9-3FE9-60DF-62E63A018788}.Release|Any CPU.Build.0 = Release|Any CPU
	EndGlobalSection
	GlobalSection(SolutionProperties) = preSolution
		HideSolutionNode = FALSE
	EndGlobalSection
	GlobalSection(MonoDevelopProperties) = preSolution
		StartupItem = Assembly-CSharp.csproj
	EndGlobalSection
EndGlobal
